
Microsoft Visual Studio Solution File, Format Version 12.00
# Visual Studio Version 17
VisualStudioVersion = 17.10.34916.146
MinimumVisualStudioVersion = 10.0.40219.1
Project("{FAE04EC0-301F-11D3-BF4B-00C04F79EFBC}") = "Encapsulation", "Encapsulation\Encapsulation.csproj", "{413798DA-E448-40AE-993C-E11F178F3316}"
EndProject
Global
	GlobalSection(SolutionConfigurationPlatforms) = preSolution
		Debug|Any CPU = Debug|Any CPU
		Release|Any CPU = Release|Any CPU
	EndGlobalSection
	GlobalSection(ProjectConfigurationPlatforms) = postSolution
		{413798DA-E448-40AE-993C-E11F178F3316}.Debug|Any CPU.ActiveCfg = Debug|Any CPU
		{413798DA-E448-40AE-993C-E11F178F3316}.Debug|Any CPU.Build.0 = Debug|Any CPU
		{413798DA-E448-40AE-993C-E11F178F3316}.Release|Any CPU.ActiveCfg = Release|Any CPU
		{413798DA-E448-40AE-993C-E11F178F3316}.Release|Any CPU.Build.0 = Release|Any CPU
	EndGlobalSection
	GlobalSection(SolutionProperties) = preSolution
		HideSolutionNode = FALSE
	EndGlobalSection
	GlobalSection(ExtensibilityGlobals) = postSolution
		SolutionGuid = {C78F9EBB-6FF0-427C-A96E-63640D481323}
	EndGlobalSection
EndGlobal
